Microsoft Visual Studio Solution File, Format Version 12.00
# Visual Studio Version 17
VisualStudioVersion = 17.5.2.0
MinimumVisualStudioVersion = 10.0.40219.1
Project("{FAE04EC0-301F-11D3-BF4B-00C04F79EFBC}") = "trabalho1", "trabalho1.csproj", "{519E89D4-B728-46FD-4411-4B2B9965B33B}"
EndProject
Global
	GlobalSection(SolutionConfigurationPlatforms) = preSolution
		Debug|Any CPU = Debug|Any CPU
		Release|Any CPU = Release|Any CPU
	EndGlobalSection
	GlobalSection(ProjectConfigurationPlatforms) = postSolution
		{519E89D4-B728-46FD-4411-4B2B9965B33B}.Debug|Any CPU.ActiveCfg = Debug|Any CPU
		{519E89D4-B728-46FD-4411-4B2B9965B33B}.Debug|Any CPU.Build.0 = Debug|Any CPU
		{519E89D4-B728-46FD-4411-4B2B9965B33B}.Release|Any CPU.ActiveCfg = Release|Any CPU
		{519E89D4-B728-46FD-4411-4B2B9965B33B}.Release|Any CPU.Build.0 = Release|Any CPU
	EndGlobalSection
	GlobalSection(SolutionProperties) = preSolution
		HideSolutionNode = FALSE
	EndGlobalSection
	GlobalSection(ExtensibilityGlobals) = postSolution
		SolutionGuid = {E8EDB439-FA5D-4CF2-9CC5-F48299867B91}
	EndGlobalSection
EndGlobal
